
Microsoft Visual Studio Solution File, Format Version 12.00
# Visual Studio Version 16
VisualStudioVersion = 16.0.31424.327
MinimumVisualStudioVersion = 10.0.40219.1
Project("{FAE04EC0-301F-11D3-BF4B-00C04F79EFBC}") = "MeuDespertador", "MeuDespertador\MeuDespertador.csproj", "{E81EEAF6-CDC0-4E20-9C6B-3415318A9E38}"
EndProject
Global
	GlobalSection(SolutionConfigurationPlatforms) = preSolution
		Debug|Any CPU = Debug|Any CPU
		Release|Any CPU = Release|Any CPU
	EndGlobalSection
	GlobalSection(ProjectConfigurationPlatforms) = postSolution
		{E81EEAF6-CDC0-4E20-9C6B-3415318A9E38}.Debug|Any CPU.ActiveCfg = Debug|Any CPU
		{E81EEAF6-CDC0-4E20-9C6B-3415318A9E38}.Debug|Any CPU.Build.0 = Debug|Any CPU
		{E81EEAF6-CDC0-4E20-9C6B-3415318A9E38}.Release|Any CPU.ActiveCfg = Release|Any CPU
		{E81EEAF6-CDC0-4E20-9C6B-3415318A9E38}.Release|Any CPU.Build.0 = Release|Any CPU
	EndGlobalSection
	GlobalSection(SolutionProperties) = preSolution
		HideSolutionNode = FALSE
	EndGlobalSection
	GlobalSection(ExtensibilityGlobals) = postSolution
		SolutionGuid = {2AFF9318-93C7-4FDA-A3D9-4006B0950CE8}
	EndGlobalSection
EndGlobal
